
Microsoft Visual Studio Solution File, Format Version 12.00
# Visual Studio Version 17
VisualStudioVersion = 17.7.34009.444
MinimumVisualStudioVersion = 10.0.40219.1
Project("{2150E333-8FDC-42A3-9474-1A3956D46DE8}") = "Services", "Services", "{C2A24DAB-7021-46CA-A921-91F06D141169}"
EndProject
Project("{9A19103F-16F7-4668-BE54-9A1E7A4F7556}") = "Catalog.API", "Services\Catalog.API\Catalog.API.csproj", "{2AE19362-8E14-471A-965D-523EA24D7D7E}"
EndProject
Project("{9A19103F-16F7-4668-BE54-9A1E7A4F7556}") = "Basket.API", "Services\Basket.API\Basket.API.csproj", "{6447BFD2-842A-4DA8-A822-30536DEE0D64}"
EndProject
Project("{9A19103F-16F7-4668-BE54-9A1E7A4F7556}") = "Discount.API", "Services\Discount.API\Discount.API.csproj", "{8E02BA1A-528C-4901-9E3F-832FEB506903}"
EndProject
Project("{9A19103F-16F7-4668-BE54-9A1E7A4F7556}") = "Discount.Grpc", "Services\Discount.Grpc\Discount.Grpc.csproj", "{2527CCD7-3035-4B7F-B2FF-63D078EA4355}"
EndProject
Project("{2150E333-8FDC-42A3-9474-1A3956D46DE8}") = "Ordering", "Ordering", "{87D22534-7AE5-4999-8457-23E20B68B3FE}"
EndProject
Project("{9A19103F-16F7-4668-BE54-9A1E7A4F7556}") = "Ordering.API", "Services\Ordering\Ordering.API\Ordering.API.csproj", "{A2903323-3CCB-468F-B852-F420FC3E4431}"
EndProject
Project("{9A19103F-16F7-4668-BE54-9A1E7A4F7556}") = "Ordering.Domain", "Services\Ordering\Ordering.Domain\Ordering.Domain.csproj", "{0F6052A8-C025-4303-B16B-1628039A76A4}"
EndProject
Project("{9A19103F-16F7-4668-BE54-9A1E7A4F7556}") = "Ordering.Application", "Services\Ordering\Ordering.Application\Ordering.Application.csproj", "{FE84FDEA-2789-41C8-9B32-D06E960BAED0}"
EndProject
Project("{9A19103F-16F7-4668-BE54-9A1E7A4F7556}") = "Ordering.Infrastructure", "Services\Ordering\Ordering.Infrastructure\Ordering.Infrastructure.csproj", "{DC6CCB6D-15BB-4414-B761-C6EF6B75F7BF}"
EndProject
Project("{2150E333-8FDC-42A3-9474-1A3956D46DE8}") = "BuildingBlocks", "BuildingBlocks", "{73097EFC-661D-4282-BAD0-902705256FA7}"
EndProject
Project("{FAE04EC0-301F-11D3-BF4B-00C04F79EFBC}") = "EventBus.Messages", "BuildingBlocks\EventBus.Messages\EventBus.Messages.csproj", "{E5C853C1-2E0A-431D-97F9-EE78EE3628E9}"
EndProject
Global
	GlobalSection(SolutionConfigurationPlatforms) = preSolution
		Debug|Any CPU = Debug|Any CPU
		Release|Any CPU = Release|Any CPU
	EndGlobalSection
	GlobalSection(ProjectConfigurationPlatforms) = postSolution
		{2AE19362-8E14-471A-965D-523EA24D7D7E}.Debug|Any CPU.ActiveCfg = Debug|Any CPU
		{2AE19362-8E14-471A-965D-523EA24D7D7E}.Debug|Any CPU.Build.0 = Debug|Any CPU
		{2AE19362-8E14-471A-965D-523EA24D7D7E}.Release|Any CPU.ActiveCfg = Release|Any CPU
		{2AE19362-8E14-471A-965D-523EA24D7D7E}.Release|Any CPU.Build.0 = Release|Any CPU
		{6447BFD2-842A-4DA8-A822-30536DEE0D64}.Debug|Any CPU.ActiveCfg = Debug|Any CPU
		{6447BFD2-842A-4DA8-A822-30536DEE0D64}.Debug|Any CPU.Build.0 = Debug|Any CPU
		{6447BFD2-842A-4DA8-A822-30536DEE0D64}.Release|Any CPU.ActiveCfg = Release|Any CPU
		{6447BFD2-842A-4DA8-A822-30536DEE0D64}.Release|Any CPU.Build.0 = Release|Any CPU
		{8E02BA1A-528C-4901-9E3F-832FEB506903}.Debug|Any CPU.ActiveCfg = Debug|Any CPU
		{8E02BA1A-528C-4901-9E3F-832FEB506903}.Debug|Any CPU.Build.0 = Debug|Any CPU
		{8E02BA1A-528C-4901-9E3F-832FEB506903}.Release|Any CPU.ActiveCfg = Release|Any CPU
		{8E02BA1A-528C-4901-9E3F-832FEB506903}.Release|Any CPU.Build.0 = Release|Any CPU
		{2527CCD7-3035-4B7F-B2FF-63D078EA4355}.Debug|Any CPU.ActiveCfg = Debug|Any CPU
		{2527CCD7-3035-4B7F-B2FF-63D078EA4355}.Debug|Any CPU.Build.0 = Debug|Any CPU
		{2527CCD7-3035-4B7F-B2FF-63D078EA4355}.Release|Any CPU.ActiveCfg = Release|Any CPU
		{2527CCD7-3035-4B7F-B2FF-63D078EA4355}.Release|Any CPU.Build.0 = Release|Any CPU
		{A2903323-3CCB-468F-B852-F420FC3E4431}.Debug|Any CPU.ActiveCfg = Debug|Any CPU
		{A2903323-3CCB-468F-B852-F420FC3E4431}.Debug|Any CPU.Build.0 = Debug|Any CPU
		{A2903323-3CCB-468F-B852-F420FC3E4431}.Release|Any CPU.ActiveCfg = Release|Any CPU
		{A2903323-3CCB-468F-B852-F420FC3E4431}.Release|Any CPU.Build.0 = Release|Any CPU
		{0F6052A8-C025-4303-B16B-1628039A76A4}.Debug|Any CPU.ActiveCfg = Debug|Any CPU
		{0F6052A8-C025-4303-B16B-1628039A76A4}.Debug|Any CPU.Build.0 = Debug|Any CPU
		{0F6052A8-C025-4303-B16B-1628039A76A4}.Release|Any CPU.ActiveCfg = Release|Any CPU
		{0F6052A8-C025-4303-B16B-1628039A76A4}.Release|Any CPU.Build.0 = Release|Any CPU
		{FE84FDEA-2789-41C8-9B32-D06E960BAED0}.Debug|Any CPU.ActiveCfg = Debug|Any CPU
		{FE84FDEA-2789-41C8-9B32-D06E960BAED0}.Debug|Any CPU.Build.0 = Debug|Any CPU
		{FE84FDEA-2789-41C8-9B32-D06E960BAED0}.Release|Any CPU.ActiveCfg = Release|Any CPU
		{FE84FDEA-2789-41C8-9B32-D06E960BAED0}.Release|Any CPU.Build.0 = Release|Any CPU
		{DC6CCB6D-15BB-4414-B761-C6EF6B75F7BF}.Debug|Any CPU.ActiveCfg = Debug|Any CPU
		{DC6CCB6D-15BB-4414-B761-C6EF6B75F7BF}.Debug|Any CPU.Build.0 = Debug|Any CPU
		{DC6CCB6D-15BB-4414-B761-C6EF6B75F7BF}.Release|Any CPU.ActiveCfg = Release|Any CPU
		{DC6CCB6D-15BB-4414-B761-C6EF6B75F7BF}.Release|Any CPU.Build.0 = Release|Any CPU
		{E5C853C1-2E0A-431D-97F9-EE78EE3628E9}.Debug|Any CPU.ActiveCfg = Debug|Any CPU
		{E5C853C1-2E0A-431D-97F9-EE78EE3628E9}.Debug|Any CPU.Build.0 = Debug|Any CPU
		{E5C853C1-2E0A-431D-97F9-EE78EE3628E9}.Release|Any CPU.ActiveCfg = Release|Any CPU
		{E5C853C1-2E0A-431D-97F9-EE78EE3628E9}.Release|Any CPU.Build.0 = Release|Any CPU
	EndGlobalSection
	GlobalSection(SolutionProperties) = preSolution
		HideSolutionNode = FALSE
	EndGlobalSection
	GlobalSection(NestedProjects) = preSolution
		{2AE19362-8E14-471A-965D-523EA24D7D7E} = {C2A24DAB-7021-46CA-A921-91F06D141169}
		{6447BFD2-842A-4DA8-A822-30536DEE0D64} = {C2A24DAB-7021-46CA-A921-91F06D141169}
		{8E02BA1A-528C-4901-9E3F-832FEB506903} = {C2A24DAB-7021-46CA-A921-91F06D141169}
		{2527CCD7-3035-4B7F-B2FF-63D078EA4355} = {C2A24DAB-7021-46CA-A921-91F06D141169}
		{87D22534-7AE5-4999-8457-23E20B68B3FE} = {C2A24DAB-7021-46CA-A921-91F06D141169}
		{A2903323-3CCB-468F-B852-F420FC3E4431} = {87D22534-7AE5-4999-8457-23E20B68B3FE}
		{0F6052A8-C025-4303-B16B-1628039A76A4} = {87D22534-7AE5-4999-8457-23E20B68B3FE}
		{FE84FDEA-2789-41C8-9B32-D06E960BAED0} = {87D22534-7AE5-4999-8457-23E20B68B3FE}
		{DC6CCB6D-15BB-4414-B761-C6EF6B75F7BF} = {87D22534-7AE5-4999-8457-23E20B68B3FE}
		{E5C853C1-2E0A-431D-97F9-EE78EE3628E9} = {73097EFC-661D-4282-BAD0-902705256FA7}
	EndGlobalSection
	GlobalSection(ExtensibilityGlobals) = postSolution
		SolutionGuid = {EEE2EC91-63EF-4B05-823B-19CD3693BDC6}
	EndGlobalSection
EndGlobal
